
Microsoft Visual Studio Solution File, Format Version 12.00
# Visual Studio Version 17
VisualStudioVersion = 17.9.34607.119
MinimumVisualStudioVersion = 10.0.40219.1
Project("{FAE04EC0-301F-11D3-BF4B-00C04F79EFBC}") = "CSharpBasicsPOC", "CSharpBasicsPOC\CSharpBasicsPOC.csproj", "{2BF2781B-2BB1-4097-BC46-0F04946C41A7}"
EndProject
Global
	GlobalSection(SolutionConfigurationPlatforms) = preSolution
		Debug|Any CPU = Debug|Any CPU
		Release|Any CPU = Release|Any CPU
	EndGlobalSection
	GlobalSection(ProjectConfigurationPlatforms) = postSolution
		{2BF2781B-2BB1-4097-BC46-0F04946C41A7}.Debug|Any CPU.ActiveCfg = Debug|Any CPU
		{2BF2781B-2BB1-4097-BC46-0F04946C41A7}.Debug|Any CPU.Build.0 = Debug|Any CPU
		{2BF2781B-2BB1-4097-BC46-0F04946C41A7}.Release|Any CPU.ActiveCfg = Release|Any CPU
		{2BF2781B-2BB1-4097-BC46-0F04946C41A7}.Release|Any CPU.Build.0 = Release|Any CPU
	EndGlobalSection
	GlobalSection(SolutionProperties) = preSolution
		HideSolutionNode = FALSE
	EndGlobalSection
	GlobalSection(ExtensibilityGlobals) = postSolution
		SolutionGuid = {409F1B26-B780-428D-A589-97C07A5D8A22}
	EndGlobalSection
EndGlobal
